
Microsoft Visual Studio Solution File, Format Version 12.00
# Visual Studio Version 17
VisualStudioVersion = 17.0.32112.339
MinimumVisualStudioVersion = 10.0.40219.1
Project("{9A19103F-16F7-4668-BE54-9A1E7A4F7556}") = "EagleRock", "EagleRock\EagleRock.csproj", "{6C6D9F3F-90DE-4016-BAF0-0398DFD4D422}"
EndProject
Project("{FAE04EC0-301F-11D3-BF4B-00C04F79EFBC}") = "EagleRock.Testing", "EagleRock.Testing\EagleRock.Testing.csproj", "{082D95BC-5A1A-4B24-89C9-EAA7C3AB492C}"
EndProject
Global
	GlobalSection(SolutionConfigurationPlatforms) = preSolution
		Debug|Any CPU = Debug|Any CPU
		Release|Any CPU = Release|Any CPU
	EndGlobalSection
	GlobalSection(ProjectConfigurationPlatforms) = postSolution
		{6C6D9F3F-90DE-4016-BAF0-0398DFD4D422}.Debug|Any CPU.ActiveCfg = Debug|Any CPU
		{6C6D9F3F-90DE-4016-BAF0-0398DFD4D422}.Debug|Any CPU.Build.0 = Debug|Any CPU
		{6C6D9F3F-90DE-4016-BAF0-0398DFD4D422}.Release|Any CPU.ActiveCfg = Release|Any CPU
		{6C6D9F3F-90DE-4016-BAF0-0398DFD4D422}.Release|Any CPU.Build.0 = Release|Any CPU
		{082D95BC-5A1A-4B24-89C9-EAA7C3AB492C}.Debug|Any CPU.ActiveCfg = Debug|Any CPU
		{082D95BC-5A1A-4B24-89C9-EAA7C3AB492C}.Debug|Any CPU.Build.0 = Debug|Any CPU
		{082D95BC-5A1A-4B24-89C9-EAA7C3AB492C}.Release|Any CPU.ActiveCfg = Release|Any CPU
		{082D95BC-5A1A-4B24-89C9-EAA7C3AB492C}.Release|Any CPU.Build.0 = Release|Any CPU
	EndGlobalSection
	GlobalSection(SolutionProperties) = preSolution
		HideSolutionNode = FALSE
	EndGlobalSection
	GlobalSection(ExtensibilityGlobals) = postSolution
		SolutionGuid = {C0AA8F60-316E-44AF-82E9-A73A7EE7B5E2}
	EndGlobalSection
EndGlobal
